# This file is automatically @generated by Cargo.
# It is not intended for manual editing.
version = 3

[[package]]
name = "ahash"
version = "0.8.3"
source = "registry+https://github.com/rust-lang/crates.io-index"
checksum = "2c99f64d1e06488f620f932677e24bc6e2897582980441ae90a671415bd7ec2f"
dependencies = [
 "cfg-if",
 "getrandom",
 "once_cell",
 "version_check",
]

[[package]]
name = "anyhow"
version = "1.0.72"
source = "registry+https://github.com/rust-lang/crates.io-index"
checksum = "3b13c32d80ecc7ab747b80c3784bce54ee8a7a0cc4fbda9bf4cda2cf6fe90854"

[[package]]
name = "argh"
version = "0.1.10"
source = "registry+https://github.com/rust-lang/crates.io-index"
checksum = "ab257697eb9496bf75526f0217b5ed64636a9cfafa78b8365c71bd283fcef93e"
dependencies = [
 "argh_derive",
 "argh_shared",
]

[[package]]
name = "argh_derive"
version = "0.1.10"
source = "registry+https://github.com/rust-lang/crates.io-index"
checksum = "b382dbd3288e053331f03399e1db106c9fb0d8562ad62cb04859ae926f324fa6"
dependencies = [
 "argh_shared",
 "proc-macro2",
 "quote",
 "syn 1.0.109",
]

[[package]]
name = "argh_shared"
version = "0.1.10"
source = "registry+https://github.com/rust-lang/crates.io-index"
checksum = "64cb94155d965e3d37ffbbe7cc5b82c3dd79dd33bd48e536f73d2cfb8d85506f"

[[package]]
name = "autocfg"
version = "1.1.0"
source = "registry+https://github.com/rust-lang/crates.io-index"
checksum = "d468802bab17cbc0cc575e9b053f41e72aa36bfa6b7f55e3529ffa43161b97fa"

[[package]]
name = "base64"
version = "0.21.2"
source = "registry+https://github.com/rust-lang/crates.io-index"
checksum = "604178f6c5c21f02dc555784810edfb88d34ac2c73b2eae109655649ee73ce3d"

[[package]]
name = "bitflags"
version = "1.3.2"
source = "registry+https://github.com/rust-lang/crates.io-index"
checksum = "bef38d45163c2f1dde094a7dfd33ccf595c92905c8f8f4fdc18d06fb1037718a"

[[package]]
name = "block-buffer"
version = "0.10.4"
source = "registry+https://github.com/rust-lang/crates.io-index"
checksum = "3078c7629b62d3f0439517fa394996acacc5cbc91c5a20d8c658e77abd503a71"
dependencies = [
 "generic-array",
]

[[package]]
name = "bytes"
version = "1.4.0"
source = "registry+https://github.com/rust-lang/crates.io-index"
checksum = "89b2fd2a0dcf38d7971e2194b6b6eebab45ae01067456a7fd93d5547a61b70be"

[[package]]
name = "cfg-if"
version = "1.0.0"
source = "registry+https://github.com/rust-lang/crates.io-index"
checksum = "baf1de4339761588bc0619e3cbc0120ee582ebb74b53b4efbf79117bd2da40fd"

[[package]]
name = "clipboard-win"
version = "4.5.0"
source = "registry+https://github.com/rust-lang/crates.io-index"
checksum = "7191c27c2357d9b7ef96baac1773290d4ca63b24205b82a3fd8a0637afcf0362"
dependencies = [
 "error-code",
 "str-buf",
 "winapi",
]

[[package]]
name = "console"
version = "0.15.7"
source = "registry+https://github.com/rust-lang/crates.io-index"
checksum = "c926e00cc70edefdc64d3a5ff31cc65bb97a3460097762bd23afb4d8145fccf8"
dependencies = [
 "encode_unicode",
 "lazy_static",
 "libc",
 "unicode-width",
 "windows-sys",
]

[[package]]
name = "cpufeatures"
version = "0.2.9"
source = "registry+https://github.com/rust-lang/crates.io-index"
checksum = "a17b76ff3a4162b0b27f354a0c87015ddad39d35f9c0c36607a3bdd175dde1f1"
dependencies = [
 "libc",
]

[[package]]
name = "crc"
version = "3.0.1"
source = "registry+https://github.com/rust-lang/crates.io-index"
checksum = "86ec7a15cbe22e59248fc7eadb1907dab5ba09372595da4d73dd805ed4417dfe"
dependencies = [
 "crc-catalog",
]

[[package]]
name = "crc-catalog"
version = "2.2.0"
source = "registry+https://github.com/rust-lang/crates.io-index"
checksum = "9cace84e55f07e7301bae1c519df89cdad8cc3cd868413d3fdbdeca9ff3db484"

[[package]]
name = "crc32c"
version = "0.6.4"
source = "registry+https://github.com/rust-lang/crates.io-index"
checksum = "d8f48d60e5b4d2c53d5c2b1d8a58c849a70ae5e5509b08a48d047e3b65714a74"
dependencies = [
 "rustc_version",
]

[[package]]
name = "crypto-common"
version = "0.1.6"
source = "registry+https://github.com/rust-lang/crates.io-index"
checksum = "1bfb12502f3fc46cca1bb51ac28df9d618d813cdc3d2f25b9fe775a34af26bb3"
dependencies = [
 "generic-array",
 "typenum",
]

[[package]]
name = "curve25519-dalek"
version = "4.0.0"
source = "registry+https://github.com/rust-lang/crates.io-index"
checksum = "f711ade317dd348950a9910f81c5947e3d8907ebd2b83f76203ff1807e6a2bc2"
dependencies = [
 "cfg-if",
 "cpufeatures",
 "curve25519-dalek-derive",
 "fiat-crypto",
 "platforms",
 "rustc_version",
 "subtle",
 "zeroize",
]

[[package]]
name = "curve25519-dalek-derive"
version = "0.1.0"
source = "registry+https://github.com/rust-lang/crates.io-index"
checksum = "83fdaf97f4804dcebfa5862639bc9ce4121e82140bec2a987ac5140294865b5b"
dependencies = [
 "proc-macro2",
 "quote",
 "syn 2.0.28",
]

[[package]]
name = "darling"
version = "0.20.3"
source = "registry+https://github.com/rust-lang/crates.io-index"
checksum = "0209d94da627ab5605dcccf08bb18afa5009cfbef48d8a8b7d7bdbc79be25c5e"
dependencies = [
 "darling_core",
 "darling_macro",
]

[[package]]
name = "darling_core"
version = "0.20.3"
source = "registry+https://github.com/rust-lang/crates.io-index"
checksum = "177e3443818124b357d8e76f53be906d60937f0d3a90773a664fa63fa253e621"
dependencies = [
 "fnv",
 "ident_case",
 "proc-macro2",
 "quote",
 "strsim",
 "syn 2.0.28",
]

[[package]]
name = "darling_macro"
version = "0.20.3"
source = "registry+https://github.com/rust-lang/crates.io-index"
checksum = "836a9bbc7ad63342d6d6e7b815ccab164bc77a2d95d84bc3117a8c0d5c98e2d5"
dependencies = [
 "darling_core",
 "quote",
 "syn 2.0.28",
]

[[package]]
name = "digest"
version = "0.10.7"
source = "registry+https://github.com/rust-lang/crates.io-index"
checksum = "9ed9a281f7bc9b7576e61468ba615a66a5c8cfdff42420a70aa82701a3b1e292"
dependencies = [
 "block-buffer",
 "crypto-common",
]

[[package]]
name = "dyn-clone"
version = "1.0.12"
source = "registry+https://github.com/rust-lang/crates.io-index"
checksum = "304e6508efa593091e97a9abbc10f90aa7ca635b6d2784feff3c89d41dd12272"

[[package]]
name = "encode_unicode"
version = "0.3.6"
source = "registry+https://github.com/rust-lang/crates.io-index"
checksum = "a357d28ed41a50f9c765dbfe56cbc04a64e53e5fc58ba79fbc34c10ef3df831f"

[[package]]
name = "error-code"
version = "2.3.1"
source = "registry+https://github.com/rust-lang/crates.io-index"
checksum = "64f18991e7bf11e7ffee451b5318b5c1a73c52d0d0ada6e5a3017c8c1ced6a21"
dependencies = [
 "libc",
 "str-buf",
]

[[package]]
name = "everscale-crypto"
version = "0.2.0"
source = "registry+https://github.com/rust-lang/crates.io-index"
checksum = "d3b3e4fc7882223c86a7cfd8ccdb58e017b89a9f91d90114beafa0e8d35b45fb"
dependencies = [
 "curve25519-dalek",
 "generic-array",
 "hex",
 "rand",
 "sha2",
 "tl-proto",
]

[[package]]
name = "everscale-types"
version = "0.1.0-rc.2"
source = "registry+https://github.com/rust-lang/crates.io-index"
checksum = "8bb2a270d77edcf5eb6b23c97c82dfbfff91338f41bf2b12b9b6637781e444a8"
dependencies = [
 "ahash",
 "base64",
 "crc32c",
 "everscale-crypto",
 "everscale-types-proc",
 "hex",
 "once_cell",
 "serde",
 "sha2",
 "smallvec",
 "thiserror",
 "tl-proto",
]

[[package]]
name = "everscale-types-proc"
version = "0.1.2"
source = "registry+https://github.com/rust-lang/crates.io-index"
checksum = "b29e381cee2a89b49739f7e3174da14116cdfbee9855dd64558538cc2c4d73e3"
dependencies = [
 "proc-macro2",
 "quote",
 "syn 1.0.109",
]

[[package]]
name = "fiat-crypto"
version = "0.1.20"
source = "registry+https://github.com/rust-lang/crates.io-index"
checksum = "e825f6987101665dea6ec934c09ec6d721de7bc1bf92248e1d5810c8cd636b77"

[[package]]
name = "fift"
version = "0.1.4"
dependencies = [
 "ahash",
 "anyhow",
 "base64",
 "crc",
 "dyn-clone",
 "everscale-crypto",
 "everscale-types",
 "fift-proc",
 "hex",
 "num-bigint",
 "num-integer",
 "num-traits",
 "rand",
 "sha2",
 "thiserror",
 "unicode-segmentation",
]

[[package]]
name = "fift-cli"
version = "0.1.4"
dependencies = [
 "anyhow",
 "argh",
 "console",
 "fift",
 "rustyline",
]

[[package]]
name = "fift-proc"
version = "0.1.0"
dependencies = [
 "darling",
 "quote",
 "syn 2.0.28",
]

[[package]]
name = "fnv"
version = "1.0.7"
source = "registry+https://github.com/rust-lang/crates.io-index"
checksum = "3f9eec918d3f24069decb9af1554cad7c880e2da24a9afd88aca000531ab82c1"

[[package]]
name = "generic-array"
version = "0.14.7"
source = "registry+https://github.com/rust-lang/crates.io-index"
checksum = "85649ca51fd72272d7821adaf274ad91c288277713d9c18820d8499a7ff69e9a"
dependencies = [
 "typenum",
 "version_check",
]

[[package]]
name = "getrandom"
version = "0.2.10"
source = "registry+https://github.com/rust-lang/crates.io-index"
checksum = "be4136b2a15dd319360be1c07d9933517ccf0be8f16bf62a3bee4f0d618df427"
dependencies = [
 "cfg-if",
 "libc",
 "wasi",
]

[[package]]
name = "hex"
version = "0.4.3"
source = "registry+https://github.com/rust-lang/crates.io-index"
checksum = "7f24254aa9a54b5c858eaee2f5bccdb46aaf0e486a595ed5fd8f86ba55232a70"

[[package]]
name = "ident_case"
version = "1.0.1"
source = "registry+https://github.com/rust-lang/crates.io-index"
checksum = "b9e0384b61958566e926dc50660321d12159025e767c18e043daf26b70104c39"

[[package]]
name = "lazy_static"
version = "1.4.0"
source = "registry+https://github.com/rust-lang/crates.io-index"
checksum = "e2abad23fbc42b3700f2f279844dc832adb2b2eb069b2df918f455c4e18cc646"

[[package]]
name = "libc"
version = "0.2.147"
source = "registry+https://github.com/rust-lang/crates.io-index"
checksum = "b4668fb0ea861c1df094127ac5f1da3409a82116a4ba74fca2e58ef927159bb3"

[[package]]
name = "log"
version = "0.4.19"
source = "registry+https://github.com/rust-lang/crates.io-index"
checksum = "b06a4cde4c0f271a446782e3eff8de789548ce57dbc8eca9292c27f4a42004b4"

[[package]]
name = "memchr"
version = "2.5.0"
source = "registry+https://github.com/rust-lang/crates.io-index"
checksum = "2dffe52ecf27772e601905b7522cb4ef790d2cc203488bbd0e2fe85fcb74566d"

[[package]]
name = "nix"
version = "0.26.2"
source = "registry+https://github.com/rust-lang/crates.io-index"
checksum = "bfdda3d196821d6af13126e40375cdf7da646a96114af134d5f417a9a1dc8e1a"
dependencies = [
 "bitflags",
 "cfg-if",
 "libc",
 "static_assertions",
]

[[package]]
name = "num-bigint"
version = "0.4.3"
source = "registry+https://github.com/rust-lang/crates.io-index"
checksum = "f93ab6289c7b344a8a9f60f88d80aa20032336fe78da341afc91c8a2341fc75f"
dependencies = [
 "autocfg",
 "num-integer",
 "num-traits",
]

[[package]]
name = "num-integer"
version = "0.1.45"
source = "registry+https://github.com/rust-lang/crates.io-index"
checksum = "225d3389fb3509a24c93f5c29eb6bde2586b98d9f016636dff58d7c6f7569cd9"
dependencies = [
 "autocfg",
 "num-traits",
]

[[package]]
name = "num-traits"
version = "0.2.16"
source = "registry+https://github.com/rust-lang/crates.io-index"
checksum = "f30b0abd723be7e2ffca1272140fac1a2f084c77ec3e123c192b66af1ee9e6c2"
dependencies = [
 "autocfg",
]

[[package]]
name = "once_cell"
version = "1.18.0"
source = "registry+https://github.com/rust-lang/crates.io-index"
checksum = "dd8b5dd2ae5ed71462c540258bedcb51965123ad7e7ccf4b9a8cafaa4a63576d"

[[package]]
name = "pest"
version = "2.7.2"
source = "registry+https://github.com/rust-lang/crates.io-index"
checksum = "1acb4a4365a13f749a93f1a094a7805e5cfa0955373a9de860d962eaa3a5fe5a"
dependencies = [
 "thiserror",
 "ucd-trie",
]

[[package]]
name = "pest_derive"
version = "2.7.2"
source = "registry+https://github.com/rust-lang/crates.io-index"
checksum = "666d00490d4ac815001da55838c500eafb0320019bbaa44444137c48b443a853"
dependencies = [
 "pest",
 "pest_generator",
]

[[package]]
name = "pest_generator"
version = "2.7.2"
source = "registry+https://github.com/rust-lang/crates.io-index"
checksum = "68ca01446f50dbda87c1786af8770d535423fa8a53aec03b8f4e3d7eb10e0929"
dependencies = [
 "pest",
 "pest_meta",
 "proc-macro2",
 "quote",
 "syn 2.0.28",
]

[[package]]
name = "pest_meta"
version = "2.7.2"
source = "registry+https://github.com/rust-lang/crates.io-index"
checksum = "56af0a30af74d0445c0bf6d9d051c979b516a1a5af790d251daee76005420a48"
dependencies = [
 "once_cell",
 "pest",
 "sha2",
]

[[package]]
name = "platforms"
version = "3.0.2"
source = "registry+https://github.com/rust-lang/crates.io-index"
checksum = "e3d7ddaed09e0eb771a79ab0fd64609ba0afb0a8366421957936ad14cbd13630"

[[package]]
name = "ppv-lite86"
version = "0.2.17"
source = "registry+https://github.com/rust-lang/crates.io-index"
checksum = "5b40af805b3121feab8a3c29f04d8ad262fa8e0561883e7653e024ae4479e6de"

[[package]]
name = "proc-macro2"
version = "1.0.66"
source = "registry+https://github.com/rust-lang/crates.io-index"
checksum = "18fb31db3f9bddb2ea821cde30a9f70117e3f119938b5ee630b7403aa6e2ead9"
dependencies = [
 "unicode-ident",
]

[[package]]
name = "quote"
version = "1.0.32"
source = "registry+https://github.com/rust-lang/crates.io-index"
checksum = "50f3b39ccfb720540debaa0164757101c08ecb8d326b15358ce76a62c7e85965"
dependencies = [
 "proc-macro2",
]

[[package]]
name = "rand"
version = "0.8.5"
source = "registry+https://github.com/rust-lang/crates.io-index"
checksum = "34af8d1a0e25924bc5b7c43c079c942339d8f0a8b57c39049bef581b46327404"
dependencies = [
 "libc",
 "rand_chacha",
 "rand_core",
]

[[package]]
name = "rand_chacha"
version = "0.3.1"
source = "registry+https://github.com/rust-lang/crates.io-index"
checksum = "e6c10a63a0fa32252be49d21e7709d4d4baf8d231c2dbce1eaa8141b9b127d88"
dependencies = [
 "ppv-lite86",
 "rand_core",
]

[[package]]
name = "rand_core"
version = "0.6.4"
source = "registry+https://github.com/rust-lang/crates.io-index"
checksum = "ec0be4795e2f6a28069bec0b5ff3e2ac9bafc99e6a9a7dc3547996c5c816922c"
dependencies = [
 "getrandom",
]

[[package]]
name = "rustc-hash"
version = "1.1.0"
source = "registry+https://github.com/rust-lang/crates.io-index"
checksum = "08d43f7aa6b08d49f382cde6a7982047c3426db949b1424bc4b7ec9ae12c6ce2"

[[package]]
name = "rustc_version"
version = "0.4.0"
source = "registry+https://github.com/rust-lang/crates.io-index"
checksum = "bfa0f585226d2e68097d4f95d113b15b83a82e819ab25717ec0590d9584ef366"
dependencies = [
 "semver",
]

[[package]]
name = "rustyline"
version = "11.0.0"
source = "registry+https://github.com/rust-lang/crates.io-index"
checksum = "5dfc8644681285d1fb67a467fb3021bfea306b99b4146b166a1fe3ada965eece"
dependencies = [
 "bitflags",
 "cfg-if",
 "clipboard-win",
 "libc",
 "log",
 "memchr",
 "nix",
 "scopeguard",
 "unicode-segmentation",
 "unicode-width",
 "utf8parse",
 "winapi",
]

[[package]]
name = "scopeguard"
version = "1.2.0"
source = "registry+https://github.com/rust-lang/crates.io-index"
checksum = "94143f37725109f92c262ed2cf5e59bce7498c01bcc1502d7b9afe439a4e9f49"

[[package]]
name = "semver"
version = "1.0.18"
source = "registry+https://github.com/rust-lang/crates.io-index"
checksum = "b0293b4b29daaf487284529cc2f5675b8e57c61f70167ba415a463651fd6a918"

[[package]]
name = "serde"
version = "1.0.180"
source = "registry+https://github.com/rust-lang/crates.io-index"
checksum = "0ea67f183f058fe88a4e3ec6e2788e003840893b91bac4559cabedd00863b3ed"
dependencies = [
 "serde_derive",
]

[[package]]
name = "serde_derive"
version = "1.0.180"
source = "registry+https://github.com/rust-lang/crates.io-index"
checksum = "24e744d7782b686ab3b73267ef05697159cc0e5abbed3f47f9933165e5219036"
dependencies = [
 "proc-macro2",
 "quote",
 "syn 2.0.28",
]

[[package]]
name = "sha2"
version = "0.10.7"
source = "registry+https://github.com/rust-lang/crates.io-index"
checksum = "479fb9d862239e610720565ca91403019f2f00410f1864c5aa7479b950a76ed8"
dependencies = [
 "cfg-if",
 "cpufeatures",
 "digest",
]

[[package]]
name = "smallvec"
version = "1.11.0"
source = "registry+https://github.com/rust-lang/crates.io-index"
checksum = "62bb4feee49fdd9f707ef802e22365a35de4b7b299de4763d44bfea899442ff9"

[[package]]
name = "static_assertions"
version = "1.1.0"
source = "registry+https://github.com/rust-lang/crates.io-index"
checksum = "a2eb9349b6444b326872e140eb1cf5e7c522154d69e7a0ffb0fb81c06b37543f"

[[package]]
name = "str-buf"
version = "1.0.6"
source = "registry+https://github.com/rust-lang/crates.io-index"
checksum = "9e08d8363704e6c71fc928674353e6b7c23dcea9d82d7012c8faf2a3a025f8d0"

[[package]]
name = "strsim"
version = "0.10.0"
source = "registry+https://github.com/rust-lang/crates.io-index"
checksum = "73473c0e59e6d5812c5dfe2a064a6444949f089e20eec9a2e5506596494e4623"

[[package]]
name = "subtle"
version = "2.5.0"
source = "registry+https://github.com/rust-lang/crates.io-index"
checksum = "81cdd64d312baedb58e21336b31bc043b77e01cc99033ce76ef539f78e965ebc"

[[package]]
name = "syn"
version = "1.0.109"
source = "registry+https://github.com/rust-lang/crates.io-index"
checksum = "72b64191b275b66ffe2469e8af2c1cfe3bafa67b529ead792a6d0160888b4237"
dependencies = [
 "proc-macro2",
 "quote",
 "unicode-ident",
]

[[package]]
name = "syn"
version = "2.0.28"
source = "registry+https://github.com/rust-lang/crates.io-index"
checksum = "04361975b3f5e348b2189d8dc55bc942f278b2d482a6a0365de5bdd62d351567"
dependencies = [
 "proc-macro2",
 "quote",
 "unicode-ident",
]

[[package]]
name = "thiserror"
version = "1.0.44"
source = "registry+https://github.com/rust-lang/crates.io-index"
checksum = "611040a08a0439f8248d1990b111c95baa9c704c805fa1f62104b39655fd7f90"
dependencies = [
 "thiserror-impl",
]

[[package]]
name = "thiserror-impl"
version = "1.0.44"
source = "registry+https://github.com/rust-lang/crates.io-index"
checksum = "090198534930841fab3a5d1bb637cde49e339654e606195f8d9c76eeb081dc96"
dependencies = [
 "proc-macro2",
 "quote",
 "syn 2.0.28",
]

[[package]]
name = "tl-proto"
version = "0.4.2"
source = "registry+https://github.com/rust-lang/crates.io-index"
checksum = "60421dced386ad8dec8c1b9a9bf737fe9b807a31d48312c812b14a1c68578e9b"
dependencies = [
 "bytes",
 "digest",
 "sha2",
 "smallvec",
 "thiserror",
 "tl-proto-proc",
]

[[package]]
name = "tl-proto-proc"
version = "0.4.1"
source = "registry+https://github.com/rust-lang/crates.io-index"
checksum = "5abcdfb6846667a980a20deff2c73de595435c3551b5622534c78eeb441cbf02"
dependencies = [
 "proc-macro2",
 "quote",
 "rustc-hash",
 "syn 1.0.109",
 "tl-scheme",
]

[[package]]
name = "tl-scheme"
version = "0.2.0"
source = "registry+https://github.com/rust-lang/crates.io-index"
checksum = "9fbfb36e00e1c6be44d5ed8b2be322667f8ad4955387375c0cf617c542e01a56"
dependencies = [
 "crc",
 "pest",
 "pest_derive",
 "rustc-hash",
 "thiserror",
]

[[package]]
name = "typenum"
version = "1.16.0"
source = "registry+https://github.com/rust-lang/crates.io-index"
checksum = "497961ef93d974e23eb6f433eb5fe1b7930b659f06d12dec6fc44a8f554c0bba"

[[package]]
name = "ucd-trie"
version = "0.1.6"
source = "registry+https://github.com/rust-lang/crates.io-index"
checksum = "ed646292ffc8188ef8ea4d1e0e0150fb15a5c2e12ad9b8fc191ae7a8a7f3c4b9"

[[package]]
name = "unicode-ident"
version = "1.0.11"
source = "registry+https://github.com/rust-lang/crates.io-index"
checksum = "301abaae475aa91687eb82514b328ab47a211a533026cb25fc3e519b86adfc3c"

[[package]]
name = "unicode-segmentation"
version = "1.10.1"
source = "registry+https://github.com/rust-lang/crates.io-index"
checksum = "1dd624098567895118886609431a7c3b8f516e41d30e0643f03d94592a147e36"

[[package]]
name = "unicode-width"
version = "0.1.10"
source = "registry+https://github.com/rust-lang/crates.io-index"
checksum = "c0edd1e5b14653f783770bce4a4dabb4a5108a5370a5f5d8cfe8710c361f6c8b"

[[package]]
name = "utf8parse"
version = "0.2.1"
source = "registry+https://github.com/rust-lang/crates.io-index"
checksum = "711b9620af191e0cdc7468a8d14e709c3dcdb115b36f838e601583af800a370a"

[[package]]
name = "version_check"
version = "0.9.4"
source = "registry+https://github.com/rust-lang/crates.io-index"
checksum = "49874b5167b65d7193b8aba1567f5c7d93d001cafc34600cee003eda787e483f"

[[package]]
name = "wasi"
version = "0.11.0+wasi-snapshot-preview1"
source = "registry+https://github.com/rust-lang/crates.io-index"
checksum = "9c8d87e72b64a3b4db28d11ce29237c246188f4f51057d65a7eab63b7987e423"

[[package]]
name = "winapi"
version = "0.3.9"
source = "registry+https://github.com/rust-lang/crates.io-index"
checksum = "5c839a674fcd7a98952e593242ea400abe93992746761e38641405d28b00f419"
dependencies = [
 "winapi-i686-pc-windows-gnu",
 "winapi-x86_64-pc-windows-gnu",
]

[[package]]
name = "winapi-i686-pc-windows-gnu"
version = "0.4.0"
source = "registry+https://github.com/rust-lang/crates.io-index"
checksum = "ac3b87c63620426dd9b991e5ce0329eff545bccbbb34f3be09ff6fb6ab51b7b6"

[[package]]
name = "winapi-x86_64-pc-windows-gnu"
version = "0.4.0"
source = "registry+https://github.com/rust-lang/crates.io-index"
checksum = "712e227841d057c1ee1cd2fb22fa7e5a5461ae8e48fa2ca79ec42cfc1931183f"

[[package]]
name = "windows-sys"
version = "0.45.0"
source = "registry+https://github.com/rust-lang/crates.io-index"
checksum = "75283be5efb2831d37ea142365f009c02ec203cd29a3ebecbc093d52315b66d0"
dependencies = [
 "windows-targets",
]

[[package]]
name = "windows-targets"
version = "0.42.2"
source = "registry+https://github.com/rust-lang/crates.io-index"
checksum = "8e5180c00cd44c9b1c88adb3693291f1cd93605ded80c250a75d472756b4d071"
dependencies = [
 "windows_aarch64_gnullvm",
 "windows_aarch64_msvc",
 "windows_i686_gnu",
 "windows_i686_msvc",
 "windows_x86_64_gnu",
 "windows_x86_64_gnullvm",
 "windows_x86_64_msvc",
]

[[package]]
name = "windows_aarch64_gnullvm"
version = "0.42.2"
source = "registry+https://github.com/rust-lang/crates.io-index"
checksum = "597a5118570b68bc08d8d59125332c54f1ba9d9adeedeef5b99b02ba2b0698f8"

[[package]]
name = "windows_aarch64_msvc"
version = "0.42.2"
source = "registry+https://github.com/rust-lang/crates.io-index"
checksum = "e08e8864a60f06ef0d0ff4ba04124db8b0fb3be5776a5cd47641e942e58c4d43"

[[package]]
name = "windows_i686_gnu"
version = "0.42.2"
source = "registry+https://github.com/rust-lang/crates.io-index"
checksum = "c61d927d8da41da96a81f029489353e68739737d3beca43145c8afec9a31a84f"

[[package]]
name = "windows_i686_msvc"
version = "0.42.2"
source = "registry+https://github.com/rust-lang/crates.io-index"
checksum = "44d840b6ec649f480a41c8d80f9c65108b92d89345dd94027bfe06ac444d1060"

[[package]]
name = "windows_x86_64_gnu"
version = "0.42.2"
source = "registry+https://github.com/rust-lang/crates.io-index"
checksum = "8de912b8b8feb55c064867cf047dda097f92d51efad5b491dfb98f6bbb70cb36"

[[package]]
name = "windows_x86_64_gnullvm"
version = "0.42.2"
source = "registry+https://github.com/rust-lang/crates.io-index"
checksum = "26d41b46a36d453748aedef1486d5c7a85db22e56aff34643984ea85514e94a3"

[[package]]
name = "windows_x86_64_msvc"
version = "0.42.2"
source = "registry+https://github.com/rust-lang/crates.io-index"
checksum = "9aec5da331524158c6d1a4ac0ab1541149c0b9505fde06423b02f5ef0106b9f0"

[[package]]
name = "zeroize"
version = "1.6.0"
source = "registry+https://github.com/rust-lang/crates.io-index"
checksum = "2a0956f1ba7c7909bfb66c2e9e4124ab6f6482560f6628b5aaeba39207c9aad9"
